
Microsoft Visual Studio Solution File, Format Version 12.00
# Visual Studio Version 17
VisualStudioVersion = 17.3.32825.248
MinimumVisualStudioVersion = 10.0.40219.1
Project("{FAE04EC0-301F-11D3-BF4B-00C04F79EFBC}") = "abedwNew", "abedwNew\abedwNew.csproj", "{BEF1FBE7-71D6-409A-B86D-C25A15C4DABC}"
EndProject
Global
	GlobalSection(SolutionConfigurationPlatforms) = preSolution
		Debug|Any CPU = Debug|Any CPU
		Release|Any CPU = Release|Any CPU
	EndGlobalSection
	GlobalSection(ProjectConfigurationPlatforms) = postSolution
		{BEF1FBE7-71D6-409A-B86D-C25A15C4DABC}.Debug|Any CPU.ActiveCfg = Debug|Any CPU
		{BEF1FBE7-71D6-409A-B86D-C25A15C4DABC}.Debug|Any CPU.Build.0 = Debug|Any CPU
		{BEF1FBE7-71D6-409A-B86D-C25A15C4DABC}.Release|Any CPU.ActiveCfg = Release|Any CPU
		{BEF1FBE7-71D6-409A-B86D-C25A15C4DABC}.Release|Any CPU.Build.0 = Release|Any CPU
	EndGlobalSection
	GlobalSection(SolutionProperties) = preSolution
		HideSolutionNode = FALSE
	EndGlobalSection
	GlobalSection(ExtensibilityGlobals) = postSolution
		SolutionGuid = {0620B56E-27B4-464E-918F-3FB0C7F8E561}
	EndGlobalSection
EndGlobal
